
Microsoft Visual Studio Solution File, Format Version 12.00
# Visual Studio Version 16
VisualStudioVersion = 16.0.30907.101
MinimumVisualStudioVersion = 10.0.40219.1
Project("{FAE04EC0-301F-11D3-BF4B-00C04F79EFBC}") = "Tarea", "Tarea.csproj", "{1CFFD1B8-70F3-4A61-866A-8FE8C3D3F98A}"
EndProject
Global
	GlobalSection(SolutionConfigurationPlatforms) = preSolution
		Debug|Any CPU = Debug|Any CPU
		Release|Any CPU = Release|Any CPU
	EndGlobalSection
	GlobalSection(ProjectConfigurationPlatforms) = postSolution
		{1CFFD1B8-70F3-4A61-866A-8FE8C3D3F98A}.Debug|Any CPU.ActiveCfg = Debug|Any CPU
		{1CFFD1B8-70F3-4A61-866A-8FE8C3D3F98A}.Debug|Any CPU.Build.0 = Debug|Any CPU
		{1CFFD1B8-70F3-4A61-866A-8FE8C3D3F98A}.Release|Any CPU.ActiveCfg = Release|Any CPU
		{1CFFD1B8-70F3-4A61-866A-8FE8C3D3F98A}.Release|Any CPU.Build.0 = Release|Any CPU
	EndGlobalSection
	GlobalSection(SolutionProperties) = preSolution
		HideSolutionNode = FALSE
	EndGlobalSection
	GlobalSection(ExtensibilityGlobals) = postSolution
		SolutionGuid = {594FB5EC-051C-4348-B78A-FB20F49D5A72}
	EndGlobalSection
EndGlobal
